
Microsoft Visual Studio Solution File, Format Version 12.00
# Visual Studio Version 16
VisualStudioVersion = 16.0.30804.86
MinimumVisualStudioVersion = 10.0.40219.1
Project("{9A19103F-16F7-4668-BE54-9A1E7A4F7556}") = "GeometryService.WebApp", "GeometryService.WebApp\GeometryService.WebApp.csproj", "{A4F24ECC-39FC-449E-A27F-68D3DF792191}"
EndProject
Project("{FAE04EC0-301F-11D3-BF4B-00C04F79EFBC}") = "GeometryService.Domain", "GeometryService.Domain\GeometryService.Domain.csproj", "{0EABEDE6-B74B-4684-AFA3-AB3EE723245A}"
EndProject
Project("{2150E333-8FDC-42A3-9474-1A3956D46DE8}") = "Solution Items", "Solution Items", "{9FA0D7F9-1FF6-4A94-BB48-1CC7DA063C4A}"
	ProjectSection(SolutionItems) = preProject
		.gitignore = .gitignore
		LICENSE = LICENSE
		README.md = README.md
	EndProjectSection
EndProject
Project("{FAE04EC0-301F-11D3-BF4B-00C04F79EFBC}") = "GeometryService.WebApp.Tests", "GeometryService.WebApp.Tests\GeometryService.WebApp.Tests.csproj", "{FB7E850E-055E-4B5C-AC84-A03FC3161552}"
EndProject
Global
	GlobalSection(SolutionConfigurationPlatforms) = preSolution
		Debug|Any CPU = Debug|Any CPU
		Release|Any CPU = Release|Any CPU
	EndGlobalSection
	GlobalSection(ProjectConfigurationPlatforms) = postSolution
		{A4F24ECC-39FC-449E-A27F-68D3DF792191}.Debug|Any CPU.ActiveCfg = Debug|Any CPU
		{A4F24ECC-39FC-449E-A27F-68D3DF792191}.Debug|Any CPU.Build.0 = Debug|Any CPU
		{A4F24ECC-39FC-449E-A27F-68D3DF792191}.Release|Any CPU.ActiveCfg = Release|Any CPU
		{A4F24ECC-39FC-449E-A27F-68D3DF792191}.Release|Any CPU.Build.0 = Release|Any CPU
		{0EABEDE6-B74B-4684-AFA3-AB3EE723245A}.Debug|Any CPU.ActiveCfg = Debug|Any CPU
		{0EABEDE6-B74B-4684-AFA3-AB3EE723245A}.Debug|Any CPU.Build.0 = Debug|Any CPU
		{0EABEDE6-B74B-4684-AFA3-AB3EE723245A}.Release|Any CPU.ActiveCfg = Release|Any CPU
		{0EABEDE6-B74B-4684-AFA3-AB3EE723245A}.Release|Any CPU.Build.0 = Release|Any CPU
		{FB7E850E-055E-4B5C-AC84-A03FC3161552}.Debug|Any CPU.ActiveCfg = Debug|Any CPU
		{FB7E850E-055E-4B5C-AC84-A03FC3161552}.Debug|Any CPU.Build.0 = Debug|Any CPU
		{FB7E850E-055E-4B5C-AC84-A03FC3161552}.Release|Any CPU.ActiveCfg = Release|Any CPU
		{FB7E850E-055E-4B5C-AC84-A03FC3161552}.Release|Any CPU.Build.0 = Release|Any CPU
	EndGlobalSection
	GlobalSection(SolutionProperties) = preSolution
		HideSolutionNode = FALSE
	EndGlobalSection
	GlobalSection(ExtensibilityGlobals) = postSolution
		SolutionGuid = {9285155D-3159-46B2-AB95-6144C6135535}
	EndGlobalSection
EndGlobal
